// !$*UTF8*$!
{
	archiveVersion = 1;
	classes = {
	};
	objectVersion = 46;
	objects = {

/* Begin PBXBuildFile section */
		008E75EDE987FD07ABE126A6 /* Pods_Sample_Chart.framework in Frameworks */ = {isa = PBXBuildFile; fileRef = A9501340CCCAFCF5B32067C7 /* Pods_Sample_Chart.framework */; };
		779F1FFC1F694E8C0071FE5A /* AppDelegate.swift in Sources */ = {isa = PBXBuildFile; fileRef = 779F1FFB1F694E8C0071FE5A /* AppDelegate.swift */; };
		779F1FFE1F694E8C0071FE5A /* ViewController.swift in Sources */ = {isa = PBXBuildFile; fileRef = 779F1FFD1F694E8C0071FE5A /* ViewController.swift */; };
		779F20011F694E8C0071FE5A /* Main.storyboard in Resources */ = {isa = PBXBuildFile; fileRef = 779F1FFF1F694E8C0071FE5A /* Main.storyboard */; };
		779F20031F694E8C0071FE5A /* Assets.xcassets in Resources */ = {isa = PBXBuildFile; fileRef = 779F20021F694E8C0071FE5A /* Assets.xcassets */; };
		779F20061F694E8C0071FE5A /* LaunchScreen.storyboard in Resources */ = {isa = PBXBuildFile; fileRef = 779F20041F694E8C0071FE5A /* LaunchScreen.storyboard */; };
/* End PBXBuildFile section */

/* Begin PBXFileReference section */
		779F1FF81F694E8C0071FE5A /* Sample-Chart.app */ = {isa = PBXFileReference; explicitFileType = wrapper.application; includeInIndex = 0; path = "Sample-Chart.app"; sourceTree = BUILT_PRODUCTS_DIR; };
		779F1FFB1F694E8C0071FE5A /* AppDelegate.swift */ = {isa = PBXFileReference; lastKnownFileType = sourcecode.swift; path = AppDelegate.swift; sourceTree = "<group>"; };
		779F1FFD1F694E8C0071FE5A /* ViewController.swift */ = {isa = PBXFileReference; lastKnownFileType = sourcecode.swift; path = ViewController.swift; sourceTree = "<group>"; };
		779F20001F694E8C0071FE5A /* Base */ = {isa = PBXFileReference; lastKnownFileType = file.storyboard; name = Base; path = Base.lproj/Main.storyboard; sourceTree = "<group>"; };
		779F20021F694E8C0071FE5A /* Assets.xcassets */ = {isa = PBXFileReference; lastKnownFileType = folder.assetcatalog; path = Assets.xcassets; sourceTree = "<group>"; };
		779F20051F694E8C0071FE5A /* Base */ = {isa = PBXFileReference; lastKnownFileType = file.storyboard; name = Base; path = Base.lproj/LaunchScreen.storyboard; sourceTree = "<group>"; };
		779F20071F694E8C0071FE5A /* Info.plist */ = {isa = PBXFileReference; lastKnownFileType = text.plist.xml; path = Info.plist; sourceTree = "<group>"; };
		A9501340CCCAFCF5B32067C7 /* Pods_Sample_Chart.framework */ = {isa = PBXFileReference; explicitFileType = wrapper.framework; includeInIndex = 0; path = Pods_Sample_Chart.framework; sourceTree = BUILT_PRODUCTS_DIR; };
		DF2B99AD01BC1BCD10B37DD3 /* Pods-Sample-Chart.release.xcconfig */ = {isa = PBXFileReference; includeInIndex = 1; lastKnownFileType = text.xcconfig; name = "Pods-Sample-Chart.release.xcconfig"; path = "Pods/Target Support Files/Pods-Sample-Chart/Pods-Sample-Chart.release.xcconfig"; sourceTree = "<group>"; };
		ECF5BF7D787E327C496A09D9 /* Pods-Sample-Chart.debug.xcconfig */ = {isa = PBXFileReference; includeInIndex = 1; lastKnownFileType = text.xcconfig; name = "Pods-Sample-Chart.debug.xcconfig"; path = "Pods/Target Support Files/Pods-Sample-Chart/Pods-Sample-Chart.debug.xcconfig"; sourceTree = "<group>"; };
/* End PBXFileReference section */

/* Begin PBXFrameworksBuildPhase section */
		779F1FF51F694E8C0071FE5A /* Frameworks */ = {
			isa = PBXFrameworksBuildPhase;
			buildActionMask = 2147483647;
			files = (
				008E75EDE987FD07ABE126A6 /* Pods_Sample_Chart.framework in Frameworks */,
			);
			runOnlyForDeploymentPostprocessing = 0;
		};
/* End PBXFrameworksBuildPhase section */

/* Begin PBXGroup section */
		761B36780EA12A726CC70B25 /* Frameworks */ = {
			isa = PBXGroup;
			children = (
				A9501340CCCAFCF5B32067C7 /* Pods_Sample_Chart.framework */,
			);
			name = Frameworks;
			sourceTree = "<group>";
		};
		779F1FEF1F694E8C0071FE5A = {
			isa = PBXGroup;
			children = (
				779F1FFA1F694E8C0071FE5A /* Sample-Chart */,
				779F1FF91F694E8C0071FE5A /* Products */,
				C5CCFD5DC837560C1B5FCD61 /* Pods */,
				761B36780EA12A726CC70B25 /* Frameworks */,
			);
			sourceTree = "<group>";
		};
		779F1FF91F694E8C0071FE5A /* Products */ = {
			isa = PBXGroup;
			children = (
				779F1FF81F694E8C0071FE5A /* Sample-Chart.app */,
			);
			name = Products;
			sourceTree = "<group>";
		};
		779F1FFA1F694E8C0071FE5A /* Sample-Chart */ = {
			isa = PBXGroup;
			children = (
				779F1FFB1F694E8C0071FE5A /* AppDelegate.swift */,
				779F1FFD1F694E8C0071FE5A /* ViewController.swift */,
				779F1FFF1F694E8C0071FE5A /* Main.storyboard */,
				779F20021F694E8C0071FE5A /* Assets.xcassets */,
				779F20041F694E8C0071FE5A /* LaunchScreen.storyboard */,
				779F20071F694E8C0071FE5A /* Info.plist */,
			);
			path = "Sample-Chart";
			sourceTree = "<group>";
		};
		C5CCFD5DC837560C1B5FCD61 /* Pods */ = {
			isa = PBXGroup;
			children = (
				ECF5BF7D787E327C496A09D9 /* Pods-Sample-Chart.debug.xcconfig */,
				DF2B99AD01BC1BCD10B37DD3 /* Pods-Sample-Chart.release.xcconfig */,
			);
			name = Pods;
			sourceTree = "<group>";
		};
/* End PBXGroup section */

/* Begin PBXNativeTarget section */
		779F1FF71F694E8C0071FE5A /* Sample-Chart */ = {
			isa = PBXNativeTarget;
			buildConfigurationList = 779F200A1F694E8C0071FE5A /* Build configuration list for PBXNativeTarget "Sample-Chart" */;
			buildPhases = (
				815071A530C4C6781B5EFECD /* [CP] Check Pods Manifest.lock */,
				779F1FF41F694E8C0071FE5A /* Sources */,
				779F1FF51F694E8C0071FE5A /* Frameworks */,
				779F1FF61F694E8C0071FE5A /* Resources */,
				568254AE80A95E00770CD523 /* [CP] Embed Pods Frameworks */,
				5CD39732C282433E95C55AB1 /* [CP] Copy Pods Resources */,
			);
			buildRules = (
			);
			dependencies = (
			);
			name = "Sample-Chart";
			productName = "Sample-Chart";
			productReference = 779F1FF81F694E8C0071FE5A /* Sample-Chart.app */;
			productType = "com.apple.product-type.application";
		};
/* End PBXNativeTarget section */

/* Begin PBXProject section */
		779F1FF01F694E8C0071FE5A /* Project object */ = {
			isa = PBXProject;
			attributes = {
				LastSwiftUpdateCheck = 0830;
				LastUpgradeCheck = 0830;
				ORGANIZATIONNAME = Technophile;
				TargetAttributes = {
					779F1FF71F694E8C0071FE5A = {
						CreatedOnToolsVersion = 8.3.3;
						DevelopmentTeam = 27B47KW4FF;
						ProvisioningStyle = Automatic;
					};
				};
			};
			buildConfigurationList = 779F1FF31F694E8C0071FE5A /* Build configuration list for PBXProject "Sample-Chart" */;
			compatibilityVersion = "Xcode 3.2";
			developmentRegion = English;
			hasScannedForEncodings = 0;
			knownRegions = (
				en,
				Base,
			);
			mainGroup = 779F1FEF1F694E8C0071FE5A;
			productRefGroup = 779F1FF91F694E8C0071FE5A /* Products */;
			projectDirPath = "";
			projectRoot = "";
			targets = (
				779F1FF71F694E8C0071FE5A /* Sample-Chart */,
			);
		};
/* End PBXProject section */

/* Begin PBXResourcesBuildPhase section */
		779F1FF61F694E8C0071FE5A /* Resources */ = {
			isa = PBXResourcesBuildPhase;
			buildActionMask = 2147483647;
			files = (
				779F20061F694E8C0071FE5A /* LaunchScreen.storyboard in Resources */,
				779F20031F694E8C0071FE5A /* Assets.xcassets in Resources */,
				779F20011F694E8C0071FE5A /* Main.storyboard in Resources */,
			);
			runOnlyForDeploymentPostprocessing = 0;
		};
/* End PBXResourcesBuildPhase section */

/* Begin PBXShellScriptBuildPhase section */
		568254AE80A95E00770CD523 /* [CP] Embed Pods Frameworks */ = {
			isa = PBXShellScriptBuildPhase;
			buildActionMask = 2147483647;
			files = (
			);
			inputPaths = (
				"${SRCROOT}/Pods/Target Support Files/Pods-Sample-Chart/Pods-Sample-Chart-frameworks.sh",
				"${BUILT_PRODUCTS_DIR}/AMPopTip/AMPopTip.framework",
				"${BUILT_PRODUCTS_DIR}/SnapKit/SnapKit.framework",
			);
			name = "[CP] Embed Pods Frameworks";
			outputPaths = (
				"${TARGET_BUILD_DIR}/${FRAMEWORKS_FOLDER_PATH}/AMPopTip.framework",
				"${TARGET_BUILD_DIR}/${FRAMEWORKS_FOLDER_PATH}/SnapKit.framework",
			);
			runOnlyForDeploymentPostprocessing = 0;
			shellPath = /bin/sh;
			shellScript = "\"${SRCROOT}/Pods/Target Support Files/Pods-Sample-Chart/Pods-Sample-Chart-frameworks.sh\"\n";
			showEnvVarsInLog = 0;
		};
		5CD39732C282433E95C55AB1 /* [CP] Copy Pods Resources */ = {
			isa = PBXShellScriptBuildPhase;
			buildActionMask = 2147483647;
			files = (
			);
			inputPaths = (
			);
			name = "[CP] Copy Pods Resources";
			outputPaths = (
			);
			runOnlyForDeploymentPostprocessing = 0;
			shellPath = /bin/sh;
			shellScript = "\"${SRCROOT}/Pods/Target Support Files/Pods-Sample-Chart/Pods-Sample-Chart-resources.sh\"\n";
			showEnvVarsInLog = 0;
		};
		815071A530C4C6781B5EFECD /* [CP] Check Pods Manifest.lock */ = {
			isa = PBXShellScriptBuildPhase;
			buildActionMask = 2147483647;
			files = (
			);
			inputPaths = (
				"${PODS_PODFILE_DIR_PATH}/Podfile.lock",
				"${PODS_ROOT}/Manifest.lock",
			);
			name = "[CP] Check Pods Manifest.lock";
			outputPaths = (
				"$(DERIVED_FILE_DIR)/Pods-Sample-Chart-checkManifestLockResult.txt",
			);
			runOnlyForDeploymentPostprocessing = 0;
			shellPath = /bin/sh;
			shellScript = "diff \"${PODS_PODFILE_DIR_PATH}/Podfile.lock\" \"${PODS_ROOT}/Manifest.lock\" > /dev/null\nif [ $? != 0 ] ; then\n    # print error to STDERR\n    echo \"error: The sandbox is not in sync with the Podfile.lock. Run 'pod install' or update your CocoaPods installation.\" >&2\n    exit 1\nfi\n# This output is used by Xcode 'outputs' to avoid re-running this script phase.\necho \"SUCCESS\" > \"${SCRIPT_OUTPUT_FILE_0}\"\n";
			showEnvVarsInLog = 0;
		};
/* End PBXShellScriptBuildPhase section */

/* Begin PBXSourcesBuildPhase section */
		779F1FF41F694E8C0071FE5A /* Sources */ = {
			isa = PBXSourcesBuildPhase;
			buildActionMask = 2147483647;
			files = (
				779F1FFE1F694E8C0071FE5A /* ViewController.swift in Sources */,
				779F1FFC1F694E8C0071FE5A /* AppDelegate.swift in Sources */,
			);
			runOnlyForDeploymentPostprocessing = 0;
		};
/* End PBXSourcesBuildPhase section */

/* Begin PBXVariantGroup section */
		779F1FFF1F694E8C0071FE5A /* Main.storyboard */ = {
			isa = PBXVariantGroup;
			children = (
				779F20001F694E8C0071FE5A /* Base */,
			);
			name = Main.storyboard;
			sourceTree = "<group>";
		};
		779F20041F694E8C0071FE5A /* LaunchScreen.storyboard */ = {
			isa = PBXVariantGroup;
			children = (
				779F20051F694E8C0071FE5A /* Base */,
			);
			name = LaunchScreen.storyboard;
			sourceTree = "<group>";
		};
/* End PBXVariantGroup section */

/* Begin XCBuildConfiguration section */
		779F20081F694E8C0071FE5A /* Debug */ = {
			isa = XCBuildConfiguration;
			buildSettings = {
				ALWAYS_SEARCH_USER_PATHS = NO;
				CLANG_ANALYZER_NONNULL = YES;
				CLANG_ANALYZER_NUMBER_OBJECT_CONVERSION = YES_AGGRESSIVE;
				CLANG_CXX_LANGUAGE_STANDARD = "gnu++0x";
				CLANG_CXX_LIBRARY = "libc++";
				CLANG_ENABLE_MODULES = YES;
				CLANG_ENABLE_OBJC_ARC = YES;
				CLANG_WARN_BOOL_CONVERSION = YES;
				CLANG_WARN_CONSTANT_CONVERSION = YES;
				CLANG_WARN_DIRECT_OBJC_ISA_USAGE = YES_ERROR;
				CLANG_WARN_DOCUMENTATION_COMMENTS = YES;
				CLANG_WARN_EMPTY_BODY = YES;
				CLANG_WARN_ENUM_CONVERSION = YES;
				CLANG_WARN_INFINITE_RECURSION = YES;
				CLANG_WARN_INT_CONVERSION = YES;
				CLANG_WARN_OBJC_ROOT_CLASS = YES_ERROR;
				CLANG_WARN_SUSPICIOUS_MOVE = YES;
				CLANG_WARN_UNREACHABLE_CODE = YES;
				CLANG_WARN__DUPLICATE_METHOD_MATCH = YES;
				"CODE_SIGN_IDENTITY[sdk=iphoneos*]" = "iPhone Developer";
				COPY_PHASE_STRIP = NO;
				DEBUG_INFORMATION_FORMAT = dwarf;
				ENABLE_STRICT_OBJC_MSGSEND = YES;
				ENABLE_TESTABILITY = YES;
				GCC_C_LANGUAGE_STANDARD = gnu99;
				GCC_DYNAMIC_NO_PIC = NO;
				GCC_NO_COMMON_BLOCKS = YES;
				GCC_OPTIMIZATION_LEVEL = 0;
				GCC_PREPROCESSOR_DEFINITIONS = (
					"DEBUG=1",
					"$(inherited)",
				);
				GCC_WARN_64_TO_32_BIT_CONVERSION = YES;
				GCC_WARN_ABOUT_RETURN_TYPE = YES_ERROR;
				GCC_WARN_UNDECLARED_SELECTOR = YES;
				GCC_WARN_UNINITIALIZED_AUTOS = YES_AGGRESSIVE;
				GCC_WARN_UNUSED_FUNCTION = YES;
				GCC_WARN_UNUSED_VARIABLE = YES;
				IPHONEOS_DEPLOYMENT_TARGET = 10.3;
				MTL_ENABLE_DEBUG_INFO = YES;
				ONLY_ACTIVE_ARCH = YES;
				SDKROOT = iphoneos;
				SWIFT_ACTIVE_COMPILATION_CONDITIONS = DEBUG;
				SWIFT_OPTIMIZATION_LEVEL = "-Onone";
			};
			name = Debug;
		};
		779F20091F694E8C0071FE5A /* Release */ = {
			isa = XCBuildConfiguration;
			buildSettings = {
				ALWAYS_SEARCH_USER_PATHS = NO;
				CLANG_ANALYZER_NONNULL = YES;
				CLANG_ANALYZER_NUMBER_OBJECT_CONVERSION = YES_AGGRESSIVE;
				CLANG_CXX_LANGUAGE_STANDARD = "gnu++0x";
				CLANG_CXX_LIBRARY = "libc++";
				CLANG_ENABLE_MODULES = YES;
				CLANG_ENABLE_OBJC_ARC = YES;
				CLANG_WARN_BOOL_CONVERSION = YES;
				CLANG_WARN_CONSTANT_CONVERSION = YES;
				CLANG_WARN_DIRECT_OBJC_ISA_USAGE = YES_ERROR;
				CLANG_WARN_DOCUMENTATION_COMMENTS = YES;
				CLANG_WARN_EMPTY_BODY = YES;
				CLANG_WARN_ENUM_CONVERSION = YES;
				CLANG_WARN_INFINITE_RECURSION = YES;
				CLANG_WARN_INT_CONVERSION = YES;
				CLANG_WARN_OBJC_ROOT_CLASS = YES_ERROR;
				CLANG_WARN_SUSPICIOUS_MOVE = YES;
				CLANG_WARN_UNREACHABLE_CODE = YES;
				CLANG_WARN__DUPLICATE_METHOD_MATCH = YES;
				"CODE_SIGN_IDENTITY[sdk=iphoneos*]" = "iPhone Developer";
				COPY_PHASE_STRIP = NO;
				DEBUG_INFORMATION_FORMAT = "dwarf-with-dsym";
				ENABLE_NS_ASSERTIONS = NO;
				ENABLE_STRICT_OBJC_MSGSEND = YES;
				GCC_C_LANGUAGE_STANDARD = gnu99;
				GCC_NO_COMMON_BLOCKS = YES;
				GCC_WARN_64_TO_32_BIT_CONVERSION = YES;
				GCC_WARN_ABOUT_RETURN_TYPE = YES_ERROR;
				GCC_WARN_UNDECLARED_SELECTOR = YES;
				GCC_WARN_UNINITIALIZED_AUTOS = YES_AGGRESSIVE;
				GCC_WARN_UNUSED_FUNCTION = YES;
				GCC_WARN_UNUSED_VARIABLE = YES;
				IPHONEOS_DEPLOYMENT_TARGET = 10.3;
				MTL_ENABLE_DEBUG_INFO = NO;
				SDKROOT = iphoneos;
				SWIFT_OPTIMIZATION_LEVEL = "-Owholemodule";
				VALIDATE_PRODUCT = YES;
			};
			name = Release;
		};
		779F200B1F694E8C0071FE5A /* Debug */ = {
			isa = XCBuildConfiguration;
			baseConfigurationReference = ECF5BF7D787E327C496A09D9 /* Pods-Sample-Chart.debug.xcconfig */;
			buildSettings = {
				ASSETCATALOG_COMPILER_APPICON_NAME = AppIcon;
				DEVELOPMENT_TEAM = 27B47KW4FF;
				INFOPLIST_FILE = "Sample-Chart/Info.plist";
				LD_RUNPATH_SEARCH_PATHS = "$(inherited) @executable_path/Frameworks";
				PRODUCT_BUNDLE_IDENTIFIER = "it.technophile.Sample-Chart";
				PRODUCT_NAME = "$(TARGET_NAME)";
				SWIFT_VERSION = 3.0;
			};
			name = Debug;
		};
		779F200C1F694E8C0071FE5A /* Release */ = {
			isa = XCBuildConfiguration;
			baseConfigurationReference = DF2B99AD01BC1BCD10B37DD3 /* Pods-Sample-Chart.release.xcconfig */;
			buildSettings = {
				ASSETCATALOG_COMPILER_APPICON_NAME = AppIcon;
				DEVELOPMENT_TEAM = 27B47KW4FF;
				INFOPLIST_FILE = "Sample-Chart/Info.plist";
				LD_RUNPATH_SEARCH_PATHS = "$(inherited) @executable_path/Frameworks";
				PRODUCT_BUNDLE_IDENTIFIER = "it.technophile.Sample-Chart";
				PRODUCT_NAME = "$(TARGET_NAME)";
				SWIFT_VERSION = 3.0;
			};
			name = Release;
		};
/* End XCBuildConfiguration section */

/* Begin XCConfigurationList section */
		779F1FF31F694E8C0071FE5A /* Build configuration list for PBXProject "Sample-Chart" */ = {
			isa = XCConfigurationList;
			buildConfigurations = (
				779F20081F694E8C0071FE5A /* Debug */,
				779F20091F694E8C0071FE5A /* Release */,
			);
			defaultConfigurationIsVisible = 0;
			defaultConfigurationName = Release;
		};
		779F200A1F694E8C0071FE5A /* Build configuration list for PBXNativeTarget "Sample-Chart" */ = {
			isa = XCConfigurationList;
			buildConfigurations = (
				779F200B1F694E8C0071FE5A /* Debug */,
				779F200C1F694E8C0071FE5A /* Release */,
			);
			defaultConfigurationIsVisible = 0;
		};
/* End XCConfigurationList section */
	};
	rootObject = 779F1FF01F694E8C0071FE5A /* Project object */;
}
